
Microsoft Visual Studio Solution File, Format Version 12.00
# Visual Studio Version 17
VisualStudioVersion = 17.11.35327.3
MinimumVisualStudioVersion = 10.0.40219.1
Project("{FAE04EC0-301F-11D3-BF4B-00C04F79EFBC}") = "Simulator", "Simulator\Simulator.csproj", "{C977A467-A13F-48D0-85EE-D02619268278}"
EndProject
Global
	GlobalSection(SolutionConfigurationPlatforms) = preSolution
		Debug|Any CPU = Debug|Any CPU
		Release|Any CPU = Release|Any CPU
	EndGlobalSection
	GlobalSection(ProjectConfigurationPlatforms) = postSolution
		{C977A467-A13F-48D0-85EE-D02619268278}.Debug|Any CPU.ActiveCfg = Debug|Any CPU
		{C977A467-A13F-48D0-85EE-D02619268278}.Debug|Any CPU.Build.0 = Debug|Any CPU
		{C977A467-A13F-48D0-85EE-D02619268278}.Debug|Any CPU.Deploy.0 = Debug|Any CPU
		{C977A467-A13F-48D0-85EE-D02619268278}.Release|Any CPU.ActiveCfg = Release|Any CPU
		{C977A467-A13F-48D0-85EE-D02619268278}.Release|Any CPU.Build.0 = Release|Any CPU
		{C977A467-A13F-48D0-85EE-D02619268278}.Release|Any CPU.Deploy.0 = Release|Any CPU
	EndGlobalSection
	GlobalSection(SolutionProperties) = preSolution
		HideSolutionNode = FALSE
	EndGlobalSection
	GlobalSection(ExtensibilityGlobals) = postSolution
		SolutionGuid = {D57CF30D-D267-44BC-8004-DFBBD72D8ED6}
	EndGlobalSection
EndGlobal
